
Microsoft Visual Studio Solution File, Format Version 12.00
# Visual Studio Version 16
VisualStudioVersion = 16.0.30517.126
MinimumVisualStudioVersion = 10.0.40219.1
Project("{FAE04EC0-301F-11D3-BF4B-00C04F79EFBC}") = "WebApplication3", "WebApplication3\WebApplication3.csproj", "{2133DD80-9852-4783-8EBF-7F94A4280E76}"
EndProject
Global
	GlobalSection(SolutionConfigurationPlatforms) = preSolution
		Debug|Any CPU = Debug|Any CPU
		Release|Any CPU = Release|Any CPU
	EndGlobalSection
	GlobalSection(ProjectConfigurationPlatforms) = postSolution
		{2133DD80-9852-4783-8EBF-7F94A4280E76}.Debug|Any CPU.ActiveCfg = Debug|Any CPU
		{2133DD80-9852-4783-8EBF-7F94A4280E76}.Debug|Any CPU.Build.0 = Debug|Any CPU
		{2133DD80-9852-4783-8EBF-7F94A4280E76}.Release|Any CPU.ActiveCfg = Release|Any CPU
		{2133DD80-9852-4783-8EBF-7F94A4280E76}.Release|Any CPU.Build.0 = Release|Any CPU
	EndGlobalSection
	GlobalSection(SolutionProperties) = preSolution
		HideSolutionNode = FALSE
	EndGlobalSection
	GlobalSection(ExtensibilityGlobals) = postSolution
		SolutionGuid = {6416066C-18DA-4D95-8CF0-9ED0C7D86841}
	EndGlobalSection
EndGlobal
